
Microsoft Visual Studio Solution File, Format Version 12.00
# Visual Studio Version 17
VisualStudioVersion = 17.2.32519.379
MinimumVisualStudioVersion = 10.0.40219.1
Project("{FAE04EC0-301F-11D3-BF4B-00C04F79EFBC}") = "XuongMayBE", "XuongMayBE\XuongMayBE.csproj", "{72F3AE5A-2398-4178-9A69-E42C9A902BE5}"
EndProject
Global
	GlobalSection(SolutionConfigurationPlatforms) = preSolution
		Debug|Any CPU = Debug|Any CPU
		Release|Any CPU = Release|Any CPU
	EndGlobalSection
	GlobalSection(ProjectConfigurationPlatforms) = postSolution
		{72F3AE5A-2398-4178-9A69-E42C9A902BE5}.Debug|Any CPU.ActiveCfg = Debug|Any CPU
		{72F3AE5A-2398-4178-9A69-E42C9A902BE5}.Debug|Any CPU.Build.0 = Debug|Any CPU
		{72F3AE5A-2398-4178-9A69-E42C9A902BE5}.Release|Any CPU.ActiveCfg = Release|Any CPU
		{72F3AE5A-2398-4178-9A69-E42C9A902BE5}.Release|Any CPU.Build.0 = Release|Any CPU
	EndGlobalSection
	GlobalSection(SolutionProperties) = preSolution
		HideSolutionNode = FALSE
	EndGlobalSection
	GlobalSection(ExtensibilityGlobals) = postSolution
		SolutionGuid = {706449B9-679D-45F6-8FB2-19203B8DBC99}
	EndGlobalSection
EndGlobal
